
Microsoft Visual Studio Solution File, Format Version 12.00
# Visual Studio Version 17
VisualStudioVersion = 17.3.32811.315
MinimumVisualStudioVersion = 10.0.40219.1
Project("{FAE04EC0-301F-11D3-BF4B-00C04F79EFBC}") = "pr2", "pr2\pr2.csproj", "{C5A672DB-CAB7-4B05-AFB0-3BDA377A63CE}"
EndProject
Global
	GlobalSection(SolutionConfigurationPlatforms) = preSolution
		Debug|Any CPU = Debug|Any CPU
		Release|Any CPU = Release|Any CPU
	EndGlobalSection
	GlobalSection(ProjectConfigurationPlatforms) = postSolution
		{C5A672DB-CAB7-4B05-AFB0-3BDA377A63CE}.Debug|Any CPU.ActiveCfg = Debug|Any CPU
		{C5A672DB-CAB7-4B05-AFB0-3BDA377A63CE}.Debug|Any CPU.Build.0 = Debug|Any CPU
		{C5A672DB-CAB7-4B05-AFB0-3BDA377A63CE}.Release|Any CPU.ActiveCfg = Release|Any CPU
		{C5A672DB-CAB7-4B05-AFB0-3BDA377A63CE}.Release|Any CPU.Build.0 = Release|Any CPU
	EndGlobalSection
	GlobalSection(SolutionProperties) = preSolution
		HideSolutionNode = FALSE
	EndGlobalSection
	GlobalSection(ExtensibilityGlobals) = postSolution
		SolutionGuid = {AA8549E7-EB5F-4EC4-A0AB-EAD88F18CEA8}
	EndGlobalSection
EndGlobal
